// !$*UTF8*$!
{
	archiveVersion = 1;
	classes = {
	};
	objectVersion = 50;
	objects = {

/* Begin PBXBuildFile section */
		122CC62A25ED14680070093A /* AmedasData.swift in Sources */ = {isa = PBXBuildFile; fileRef = 122CC62925ED14680070093A /* AmedasData.swift */; };
		122CC62F25ED37880070093A /* API.swift in Sources */ = {isa = PBXBuildFile; fileRef = 122CC62E25ED37870070093A /* API.swift */; };
		122CC63725EE782B0070093A /* ContentView.swift in Sources */ = {isa = PBXBuildFile; fileRef = 122CC63625EE782A0070093A /* ContentView.swift */; };
		1273A4F725EB98AA00872407 /* AmedasMapApp.swift in Sources */ = {isa = PBXBuildFile; fileRef = 1273A4F625EB98AA00872407 /* AmedasMapApp.swift */; };
		1273A4FB25EB98AC00872407 /* Assets.xcassets in Resources */ = {isa = PBXBuildFile; fileRef = 1273A4FA25EB98AC00872407 /* Assets.xcassets */; };
		1273A4FE25EB98AC00872407 /* Preview Assets.xcassets in Resources */ = {isa = PBXBuildFile; fileRef = 1273A4FD25EB98AC00872407 /* Preview Assets.xcassets */; };
		1273A50925EB98AD00872407 /* AmedasMapTests.swift in Sources */ = {isa = PBXBuildFile; fileRef = 1273A50825EB98AD00872407 /* AmedasMapTests.swift */; };
		1273A51425EB98AD00872407 /* AmedasMapUITests.swift in Sources */ = {isa = PBXBuildFile; fileRef = 1273A51325EB98AD00872407 /* AmedasMapUITests.swift */; };
		1273A52E25EB994300872407 /* MapView.swift in Sources */ = {isa = PBXBuildFile; fileRef = 1273A52D25EB994300872407 /* MapView.swift */; };
		1273A54325EBCAD000872407 /* AmedasPoint.swift in Sources */ = {isa = PBXBuildFile; fileRef = 1273A54225EBCACF00872407 /* AmedasPoint.swift */; };
		1273A54825EBCD5300872407 /* Utility.swift in Sources */ = {isa = PBXBuildFile; fileRef = 1273A54725EBCD5300872407 /* Utility.swift */; };
		1273A55325EBD08B00872407 /* AmedasPointTests.swift in Sources */ = {isa = PBXBuildFile; fileRef = 1273A55225EBD08B00872407 /* AmedasPointTests.swift */; };
		1273A55E25EBF3E100872407 /* AmedasMapViewModel.swift in Sources */ = {isa = PBXBuildFile; fileRef = 1273A55D25EBF3E100872407 /* AmedasMapViewModel.swift */; };
/* End PBXBuildFile section */

/* Begin PBXContainerItemProxy section */
		1273A50525EB98AD00872407 /* PBXContainerItemProxy */ = {
			isa = PBXContainerItemProxy;
			containerPortal = 1273A4EB25EB98AA00872407 /* Project object */;
			proxyType = 1;
			remoteGlobalIDString = 1273A4F225EB98AA00872407;
			remoteInfo = AmedasMap;
		};
		1273A51025EB98AD00872407 /* PBXContainerItemProxy */ = {
			isa = PBXContainerItemProxy;
			containerPortal = 1273A4EB25EB98AA00872407 /* Project object */;
			proxyType = 1;
			remoteGlobalIDString = 1273A4F225EB98AA00872407;
			remoteInfo = AmedasMap;
		};
/* End PBXContainerItemProxy section */

/* Begin PBXFileReference section */
		122CC62925ED14680070093A /* AmedasData.swift */ = {isa = PBXFileReference; lastKnownFileType = sourcecode.swift; path = AmedasData.swift; sourceTree = "<group>"; };
		122CC62E25ED37870070093A /* API.swift */ = {isa = PBXFileReference; lastKnownFileType = sourcecode.swift; path = API.swift; sourceTree = "<group>"; };
		122CC63625EE782A0070093A /* ContentView.swift */ = {isa = PBXFileReference; lastKnownFileType = sourcecode.swift; path = ContentView.swift; sourceTree = "<group>"; };
		1273A4F325EB98AA00872407 /* AmedasMap.app */ = {isa = PBXFileReference; explicitFileType = wrapper.application; includeInIndex = 0; path = AmedasMap.app; sourceTree = BUILT_PRODUCTS_DIR; };
		1273A4F625EB98AA00872407 /* AmedasMapApp.swift */ = {isa = PBXFileReference; lastKnownFileType = sourcecode.swift; path = AmedasMapApp.swift; sourceTree = "<group>"; };
		1273A4FA25EB98AC00872407 /* Assets.xcassets */ = {isa = PBXFileReference; lastKnownFileType = folder.assetcatalog; path = Assets.xcassets; sourceTree = "<group>"; };
		1273A4FD25EB98AC00872407 /* Preview Assets.xcassets */ = {isa = PBXFileReference; lastKnownFileType = folder.assetcatalog; path = "Preview Assets.xcassets"; sourceTree = "<group>"; };
		1273A4FF25EB98AC00872407 /* Info.plist */ = {isa = PBXFileReference; lastKnownFileType = text.plist.xml; path = Info.plist; sourceTree = "<group>"; };
		1273A50425EB98AD00872407 /* AmedasMapTests.xctest */ = {isa = PBXFileReference; explicitFileType = wrapper.cfbundle; includeInIndex = 0; path = AmedasMapTests.xctest; sourceTree = BUILT_PRODUCTS_DIR; };
		1273A50825EB98AD00872407 /* AmedasMapTests.swift */ = {isa = PBXFileReference; lastKnownFileType = sourcecode.swift; path = AmedasMapTests.swift; sourceTree = "<group>"; };
		1273A50A25EB98AD00872407 /* Info.plist */ = {isa = PBXFileReference; lastKnownFileType = text.plist.xml; path = Info.plist; sourceTree = "<group>"; };
		1273A50F25EB98AD00872407 /* AmedasMapUITests.xctest */ = {isa = PBXFileReference; explicitFileType = wrapper.cfbundle; includeInIndex = 0; path = AmedasMapUITests.xctest; sourceTree = BUILT_PRODUCTS_DIR; };
		1273A51325EB98AD00872407 /* AmedasMapUITests.swift */ = {isa = PBXFileReference; lastKnownFileType = sourcecode.swift; path = AmedasMapUITests.swift; sourceTree = "<group>"; };
		1273A51525EB98AD00872407 /* Info.plist */ = {isa = PBXFileReference; lastKnownFileType = text.plist.xml; path = Info.plist; sourceTree = "<group>"; };
		1273A52D25EB994300872407 /* MapView.swift */ = {isa = PBXFileReference; lastKnownFileType = sourcecode.swift; path = MapView.swift; sourceTree = "<group>"; };
		1273A54225EBCACF00872407 /* AmedasPoint.swift */ = {isa = PBXFileReference; lastKnownFileType = sourcecode.swift; path = AmedasPoint.swift; sourceTree = "<group>"; };
		1273A54725EBCD5300872407 /* Utility.swift */ = {isa = PBXFileReference; lastKnownFileType = sourcecode.swift; path = Utility.swift; sourceTree = "<group>"; };
		1273A55225EBD08B00872407 /* AmedasPointTests.swift */ = {isa = PBXFileReference; lastKnownFileType = sourcecode.swift; path = AmedasPointTests.swift; sourceTree = "<group>"; };
		1273A55D25EBF3E100872407 /* AmedasMapViewModel.swift */ = {isa = PBXFileReference; lastKnownFileType = sourcecode.swift; path = AmedasMapViewModel.swift; sourceTree = "<group>"; };
/* End PBXFileReference section */

/* Begin PBXFrameworksBuildPhase section */
		1273A4F025EB98AA00872407 /* Frameworks */ = {
			isa = PBXFrameworksBuildPhase;
			buildActionMask = 2147483647;
			files = (
			);
			runOnlyForDeploymentPostprocessing = 0;
		};
		1273A50125EB98AD00872407 /* Frameworks */ = {
			isa = PBXFrameworksBuildPhase;
			buildActionMask = 2147483647;
			files = (
			);
			runOnlyForDeploymentPostprocessing = 0;
		};
		1273A50C25EB98AD00872407 /* Frameworks */ = {
			isa = PBXFrameworksBuildPhase;
			buildActionMask = 2147483647;
			files = (
			);
			runOnlyForDeploymentPostprocessing = 0;
		};
/* End PBXFrameworksBuildPhase section */

/* Begin PBXGroup section */
		1273A4EA25EB98AA00872407 = {
			isa = PBXGroup;
			children = (
				1273A4F525EB98AA00872407 /* AmedasMap */,
				1273A50725EB98AD00872407 /* AmedasMapTests */,
				1273A51225EB98AD00872407 /* AmedasMapUITests */,
				1273A4F425EB98AA00872407 /* Products */,
			);
			sourceTree = "<group>";
		};
		1273A4F425EB98AA00872407 /* Products */ = {
			isa = PBXGroup;
			children = (
				1273A4F325EB98AA00872407 /* AmedasMap.app */,
				1273A50425EB98AD00872407 /* AmedasMapTests.xctest */,
				1273A50F25EB98AD00872407 /* AmedasMapUITests.xctest */,
			);
			name = Products;
			sourceTree = "<group>";
		};
		1273A4F525EB98AA00872407 /* AmedasMap */ = {
			isa = PBXGroup;
			children = (
				1273A4F625EB98AA00872407 /* AmedasMapApp.swift */,
				122CC63625EE782A0070093A /* ContentView.swift */,
				1273A52D25EB994300872407 /* MapView.swift */,
				1273A54125EBCAA600872407 /* Model */,
				1273A54725EBCD5300872407 /* Utility.swift */,
				1273A4FA25EB98AC00872407 /* Assets.xcassets */,
				1273A4FF25EB98AC00872407 /* Info.plist */,
				1273A4FC25EB98AC00872407 /* Preview Content */,
			);
			path = AmedasMap;
			sourceTree = "<group>";
		};
		1273A4FC25EB98AC00872407 /* Preview Content */ = {
			isa = PBXGroup;
			children = (
				1273A4FD25EB98AC00872407 /* Preview Assets.xcassets */,
			);
			path = "Preview Content";
			sourceTree = "<group>";
		};
		1273A50725EB98AD00872407 /* AmedasMapTests */ = {
			isa = PBXGroup;
			children = (
				1273A50825EB98AD00872407 /* AmedasMapTests.swift */,
				1273A55225EBD08B00872407 /* AmedasPointTests.swift */,
				1273A50A25EB98AD00872407 /* Info.plist */,
			);
			path = AmedasMapTests;
			sourceTree = "<group>";
		};
		1273A51225EB98AD00872407 /* AmedasMapUITests */ = {
			isa = PBXGroup;
			children = (
				1273A51325EB98AD00872407 /* AmedasMapUITests.swift */,
				1273A51525EB98AD00872407 /* Info.plist */,
			);
			path = AmedasMapUITests;
			sourceTree = "<group>";
		};
		1273A54125EBCAA600872407 /* Model */ = {
			isa = PBXGroup;
			children = (
				122CC62E25ED37870070093A /* API.swift */,
				1273A55D25EBF3E100872407 /* AmedasMapViewModel.swift */,
				1273A54225EBCACF00872407 /* AmedasPoint.swift */,
				122CC62925ED14680070093A /* AmedasData.swift */,
			);
			path = Model;
			sourceTree = "<group>";
		};
/* End PBXGroup section */

/* Begin PBXNativeTarget section */
		1273A4F225EB98AA00872407 /* AmedasMap */ = {
			isa = PBXNativeTarget;
			buildConfigurationList = 1273A51825EB98AD00872407 /* Build configuration list for PBXNativeTarget "AmedasMap" */;
			buildPhases = (
				1273A4EF25EB98AA00872407 /* Sources */,
				1273A4F025EB98AA00872407 /* Frameworks */,
				1273A4F125EB98AA00872407 /* Resources */,
			);
			buildRules = (
			);
			dependencies = (
			);
			name = AmedasMap;
			productName = AmedasMap;
			productReference = 1273A4F325EB98AA00872407 /* AmedasMap.app */;
			productType = "com.apple.product-type.application";
		};
		1273A50325EB98AD00872407 /* AmedasMapTests */ = {
			isa = PBXNativeTarget;
			buildConfigurationList = 1273A51B25EB98AD00872407 /* Build configuration list for PBXNativeTarget "AmedasMapTests" */;
			buildPhases = (
				1273A50025EB98AD00872407 /* Sources */,
				1273A50125EB98AD00872407 /* Frameworks */,
				1273A50225EB98AD00872407 /* Resources */,
			);
			buildRules = (
			);
			dependencies = (
				1273A50625EB98AD00872407 /* PBXTargetDependency */,
			);
			name = AmedasMapTests;
			productName = AmedasMapTests;
			productReference = 1273A50425EB98AD00872407 /* AmedasMapTests.xctest */;
			productType = "com.apple.product-type.bundle.unit-test";
		};
		1273A50E25EB98AD00872407 /* AmedasMapUITests */ = {
			isa = PBXNativeTarget;
			buildConfigurationList = 1273A51E25EB98AD00872407 /* Build configuration list for PBXNativeTarget "AmedasMapUITests" */;
			buildPhases = (
				1273A50B25EB98AD00872407 /* Sources */,
				1273A50C25EB98AD00872407 /* Frameworks */,
				1273A50D25EB98AD00872407 /* Resources */,
			);
			buildRules = (
			);
			dependencies = (
				1273A51125EB98AD00872407 /* PBXTargetDependency */,
			);
			name = AmedasMapUITests;
			productName = AmedasMapUITests;
			productReference = 1273A50F25EB98AD00872407 /* AmedasMapUITests.xctest */;
			productType = "com.apple.product-type.bundle.ui-testing";
		};
/* End PBXNativeTarget section */

/* Begin PBXProject section */
		1273A4EB25EB98AA00872407 /* Project object */ = {
			isa = PBXProject;
			attributes = {
				LastSwiftUpdateCheck = 1230;
				LastUpgradeCheck = 1230;
				TargetAttributes = {
					1273A4F225EB98AA00872407 = {
						CreatedOnToolsVersion = 12.3;
					};
					1273A50325EB98AD00872407 = {
						CreatedOnToolsVersion = 12.3;
						TestTargetID = 1273A4F225EB98AA00872407;
					};
					1273A50E25EB98AD00872407 = {
						CreatedOnToolsVersion = 12.3;
						TestTargetID = 1273A4F225EB98AA00872407;
					};
				};
			};
			buildConfigurationList = 1273A4EE25EB98AA00872407 /* Build configuration list for PBXProject "AmedasMap" */;
			compatibilityVersion = "Xcode 9.3";
			developmentRegion = en;
			hasScannedForEncodings = 0;
			knownRegions = (
				en,
				Base,
			);
			mainGroup = 1273A4EA25EB98AA00872407;
			productRefGroup = 1273A4F425EB98AA00872407 /* Products */;
			projectDirPath = "";
			projectRoot = "";
			targets = (
				1273A4F225EB98AA00872407 /* AmedasMap */,
				1273A50325EB98AD00872407 /* AmedasMapTests */,
				1273A50E25EB98AD00872407 /* AmedasMapUITests */,
			);
		};
/* End PBXProject section */

/* Begin PBXResourcesBuildPhase section */
		1273A4F125EB98AA00872407 /* Resources */ = {
			isa = PBXResourcesBuildPhase;
			buildActionMask = 2147483647;
			files = (
				1273A4FE25EB98AC00872407 /* Preview Assets.xcassets in Resources */,
				1273A4FB25EB98AC00872407 /* Assets.xcassets in Resources */,
			);
			runOnlyForDeploymentPostprocessing = 0;
		};
		1273A50225EB98AD00872407 /* Resources */ = {
			isa = PBXResourcesBuildPhase;
			buildActionMask = 2147483647;
			files = (
			);
			runOnlyForDeploymentPostprocessing = 0;
		};
		1273A50D25EB98AD00872407 /* Resources */ = {
			isa = PBXResourcesBuildPhase;
			buildActionMask = 2147483647;
			files = (
			);
			runOnlyForDeploymentPostprocessing = 0;
		};
/* End PBXResourcesBuildPhase section */

/* Begin PBXSourcesBuildPhase section */
		1273A4EF25EB98AA00872407 /* Sources */ = {
			isa = PBXSourcesBuildPhase;
			buildActionMask = 2147483647;
			files = (
				122CC62A25ED14680070093A /* AmedasData.swift in Sources */,
				1273A54825EBCD5300872407 /* Utility.swift in Sources */,
				122CC63725EE782B0070093A /* ContentView.swift in Sources */,
				1273A55E25EBF3E100872407 /* AmedasMapViewModel.swift in Sources */,
				1273A54325EBCAD000872407 /* AmedasPoint.swift in Sources */,
				1273A52E25EB994300872407 /* MapView.swift in Sources */,
				1273A4F725EB98AA00872407 /* AmedasMapApp.swift in Sources */,
				122CC62F25ED37880070093A /* API.swift in Sources */,
			);
			runOnlyForDeploymentPostprocessing = 0;
		};
		1273A50025EB98AD00872407 /* Sources */ = {
			isa = PBXSourcesBuildPhase;
			buildActionMask = 2147483647;
			files = (
				1273A50925EB98AD00872407 /* AmedasMapTests.swift in Sources */,
				1273A55325EBD08B00872407 /* AmedasPointTests.swift in Sources */,
			);
			runOnlyForDeploymentPostprocessing = 0;
		};
		1273A50B25EB98AD00872407 /* Sources */ = {
			isa = PBXSourcesBuildPhase;
			buildActionMask = 2147483647;
			files = (
				1273A51425EB98AD00872407 /* AmedasMapUITests.swift in Sources */,
			);
			runOnlyForDeploymentPostprocessing = 0;
		};
/* End PBXSourcesBuildPhase section */

/* Begin PBXTargetDependency section */
		1273A50625EB98AD00872407 /* PBXTargetDependency */ = {
			isa = PBXTargetDependency;
			target = 1273A4F225EB98AA00872407 /* AmedasMap */;
			targetProxy = 1273A50525EB98AD00872407 /* PBXContainerItemProxy */;
		};
		1273A51125EB98AD00872407 /* PBXTargetDependency */ = {
			isa = PBXTargetDependency;
			target = 1273A4F225EB98AA00872407 /* AmedasMap */;
			targetProxy = 1273A51025EB98AD00872407 /* PBXContainerItemProxy */;
		};
/* End PBXTargetDependency section */

/* Begin XCBuildConfiguration section */
		1273A51625EB98AD00872407 /* Debug */ = {
			isa = XCBuildConfiguration;
			buildSettings = {
				ALWAYS_SEARCH_USER_PATHS = NO;
				CLANG_ANALYZER_NONNULL = YES;
				CLANG_ANALYZER_NUMBER_OBJECT_CONVERSION = YES_AGGRESSIVE;
				CLANG_CXX_LANGUAGE_STANDARD = "gnu++14";
				CLANG_CXX_LIBRARY = "libc++";
				CLANG_ENABLE_MODULES = YES;
				CLANG_ENABLE_OBJC_ARC = YES;
				CLANG_ENABLE_OBJC_WEAK = YES;
				CLANG_WARN_BLOCK_CAPTURE_AUTORELEASING = YES;
				CLANG_WARN_BOOL_CONVERSION = YES;
				CLANG_WARN_COMMA = YES;
				CLANG_WARN_CONSTANT_CONVERSION = YES;
				CLANG_WARN_DEPRECATED_OBJC_IMPLEMENTATIONS = YES;
				CLANG_WARN_DIRECT_OBJC_ISA_USAGE = YES_ERROR;
				CLANG_WARN_DOCUMENTATION_COMMENTS = YES;
				CLANG_WARN_EMPTY_BODY = YES;
				CLANG_WARN_ENUM_CONVERSION = YES;
				CLANG_WARN_INFINITE_RECURSION = YES;
				CLANG_WARN_INT_CONVERSION = YES;
				CLANG_WARN_NON_LITERAL_NULL_CONVERSION = YES;
				CLANG_WARN_OBJC_IMPLICIT_RETAIN_SELF = YES;
				CLANG_WARN_OBJC_LITERAL_CONVERSION = YES;
				CLANG_WARN_OBJC_ROOT_CLASS = YES_ERROR;
				CLANG_WARN_QUOTED_INCLUDE_IN_FRAMEWORK_HEADER = YES;
				CLANG_WARN_RANGE_LOOP_ANALYSIS = YES;
				CLANG_WARN_STRICT_PROTOTYPES = YES;
				CLANG_WARN_SUSPICIOUS_MOVE = YES;
				CLANG_WARN_UNGUARDED_AVAILABILITY = YES_AGGRESSIVE;
				CLANG_WARN_UNREACHABLE_CODE = YES;
				CLANG_WARN__DUPLICATE_METHOD_MATCH = YES;
				COPY_PHASE_STRIP = NO;
				DEBUG_INFORMATION_FORMAT = dwarf;
				ENABLE_STRICT_OBJC_MSGSEND = YES;
				ENABLE_TESTABILITY = YES;
				GCC_C_LANGUAGE_STANDARD = gnu11;
				GCC_DYNAMIC_NO_PIC = NO;
				GCC_NO_COMMON_BLOCKS = YES;
				GCC_OPTIMIZATION_LEVEL = 0;
				GCC_PREPROCESSOR_DEFINITIONS = (
					"DEBUG=1",
					"$(inherited)",
				);
				GCC_WARN_64_TO_32_BIT_CONVERSION = YES;
				GCC_WARN_ABOUT_RETURN_TYPE = YES_ERROR;
				GCC_WARN_UNDECLARED_SELECTOR = YES;
				GCC_WARN_UNINITIALIZED_AUTOS = YES_AGGRESSIVE;
				GCC_WARN_UNUSED_FUNCTION = YES;
				GCC_WARN_UNUSED_VARIABLE = YES;
				IPHONEOS_DEPLOYMENT_TARGET = 14.0;
				MTL_ENABLE_DEBUG_INFO = INCLUDE_SOURCE;
				MTL_FAST_MATH = YES;
				ONLY_ACTIVE_ARCH = YES;
				SDKROOT = iphoneos;
				SWIFT_ACTIVE_COMPILATION_CONDITIONS = DEBUG;
				SWIFT_OPTIMIZATION_LEVEL = "-Onone";
			};
			name = Debug;
		};
		1273A51725EB98AD00872407 /* Release */ = {
			isa = XCBuildConfiguration;
			buildSettings = {
				ALWAYS_SEARCH_USER_PATHS = NO;
				CLANG_ANALYZER_NONNULL = YES;
				CLANG_ANALYZER_NUMBER_OBJECT_CONVERSION = YES_AGGRESSIVE;
				CLANG_CXX_LANGUAGE_STANDARD = "gnu++14";
				CLANG_CXX_LIBRARY = "libc++";
				CLANG_ENABLE_MODULES = YES;
				CLANG_ENABLE_OBJC_ARC = YES;
				CLANG_ENABLE_OBJC_WEAK = YES;
				CLANG_WARN_BLOCK_CAPTURE_AUTORELEASING = YES;
				CLANG_WARN_BOOL_CONVERSION = YES;
				CLANG_WARN_COMMA = YES;
				CLANG_WARN_CONSTANT_CONVERSION = YES;
				CLANG_WARN_DEPRECATED_OBJC_IMPLEMENTATIONS = YES;
				CLANG_WARN_DIRECT_OBJC_ISA_USAGE = YES_ERROR;
				CLANG_WARN_DOCUMENTATION_COMMENTS = YES;
				CLANG_WARN_EMPTY_BODY = YES;
				CLANG_WARN_ENUM_CONVERSION = YES;
				CLANG_WARN_INFINITE_RECURSION = YES;
				CLANG_WARN_INT_CONVERSION = YES;
				CLANG_WARN_NON_LITERAL_NULL_CONVERSION = YES;
				CLANG_WARN_OBJC_IMPLICIT_RETAIN_SELF = YES;
				CLANG_WARN_OBJC_LITERAL_CONVERSION = YES;
				CLANG_WARN_OBJC_ROOT_CLASS = YES_ERROR;
				CLANG_WARN_QUOTED_INCLUDE_IN_FRAMEWORK_HEADER = YES;
				CLANG_WARN_RANGE_LOOP_ANALYSIS = YES;
				CLANG_WARN_STRICT_PROTOTYPES = YES;
				CLANG_WARN_SUSPICIOUS_MOVE = YES;
				CLANG_WARN_UNGUARDED_AVAILABILITY = YES_AGGRESSIVE;
				CLANG_WARN_UNREACHABLE_CODE = YES;
				CLANG_WARN__DUPLICATE_METHOD_MATCH = YES;
				COPY_PHASE_STRIP = NO;
				DEBUG_INFORMATION_FORMAT = "dwarf-with-dsym";
				ENABLE_NS_ASSERTIONS = NO;
				ENABLE_STRICT_OBJC_MSGSEND = YES;
				GCC_C_LANGUAGE_STANDARD = gnu11;
				GCC_NO_COMMON_BLOCKS = YES;
				GCC_WARN_64_TO_32_BIT_CONVERSION = YES;
				GCC_WARN_ABOUT_RETURN_TYPE = YES_ERROR;
				GCC_WARN_UNDECLARED_SELECTOR = YES;
				GCC_WARN_UNINITIALIZED_AUTOS = YES_AGGRESSIVE;
				GCC_WARN_UNUSED_FUNCTION = YES;
				GCC_WARN_UNUSED_VARIABLE = YES;
				IPHONEOS_DEPLOYMENT_TARGET = 14.0;
				MTL_ENABLE_DEBUG_INFO = NO;
				MTL_FAST_MATH = YES;
				SDKROOT = iphoneos;
				SWIFT_COMPILATION_MODE = wholemodule;
				SWIFT_OPTIMIZATION_LEVEL = "-O";
				VALIDATE_PRODUCT = YES;
			};
			name = Release;
		};
		1273A51925EB98AD00872407 /* Debug */ = {
			isa = XCBuildConfiguration;
			buildSettings = {
				ASSETCATALOG_COMPILER_APPICON_NAME = AppIcon;
				ASSETCATALOG_COMPILER_GLOBAL_ACCENT_COLOR_NAME = AccentColor;
				CODE_SIGN_STYLE = Automatic;
				DEVELOPMENT_ASSET_PATHS = "\"AmedasMap/Preview Content\"";
				DEVELOPMENT_TEAM = 97JN7SJ3KH;
				ENABLE_PREVIEWS = YES;
				INFOPLIST_FILE = AmedasMap/Info.plist;
				IPHONEOS_DEPLOYMENT_TARGET = 14.0;
				LD_RUNPATH_SEARCH_PATHS = (
					"$(inherited)",
					"@executable_path/Frameworks",
				);
				PRODUCT_BUNDLE_IDENTIFIER = jp.tasshy.AmedasMap;
				PRODUCT_NAME = "$(TARGET_NAME)";
				SWIFT_VERSION = 5.0;
				TARGETED_DEVICE_FAMILY = "1,2";
			};
			name = Debug;
		};
		1273A51A25EB98AD00872407 /* Release */ = {
			isa = XCBuildConfiguration;
			buildSettings = {
				ASSETCATALOG_COMPILER_APPICON_NAME = AppIcon;
				ASSETCATALOG_COMPILER_GLOBAL_ACCENT_COLOR_NAME = AccentColor;
				CODE_SIGN_STYLE = Automatic;
				DEVELOPMENT_ASSET_PATHS = "\"AmedasMap/Preview Content\"";
				DEVELOPMENT_TEAM = 97JN7SJ3KH;
				ENABLE_PREVIEWS = YES;
				INFOPLIST_FILE = AmedasMap/Info.plist;
				IPHONEOS_DEPLOYMENT_TARGET = 14.0;
				LD_RUNPATH_SEARCH_PATHS = (
					"$(inherited)",
					"@executable_path/Frameworks",
				);
				PRODUCT_BUNDLE_IDENTIFIER = jp.tasshy.AmedasMap;
				PRODUCT_NAME = "$(TARGET_NAME)";
				SWIFT_VERSION = 5.0;
				TARGETED_DEVICE_FAMILY = "1,2";
			};
			name = Release;
		};
		1273A51C25EB98AD00872407 /* Debug */ = {
			isa = XCBuildConfiguration;
			buildSettings = {
				ALWAYS_EMBED_SWIFT_STANDARD_LIBRARIES = YES;
				BUNDLE_LOADER = "$(TEST_HOST)";
				CODE_SIGN_STYLE = Automatic;
				DEVELOPMENT_TEAM = 97JN7SJ3KH;
				INFOPLIST_FILE = AmedasMapTests/Info.plist;
				IPHONEOS_DEPLOYMENT_TARGET = 14.0;
				LD_RUNPATH_SEARCH_PATHS = (
					"$(inherited)",
					"@executable_path/Frameworks",
					"@loader_path/Frameworks",
				);
				PRODUCT_BUNDLE_IDENTIFIER = jp.tasshy.AmedasMapTests;
				PRODUCT_NAME = "$(TARGET_NAME)";
				SWIFT_VERSION = 5.0;
				TARGETED_DEVICE_FAMILY = "1,2";
				TEST_HOST = "$(BUILT_PRODUCTS_DIR)/AmedasMap.app/AmedasMap";
			};
			name = Debug;
		};
		1273A51D25EB98AD00872407 /* Release */ = {
			isa = XCBuildConfiguration;
			buildSettings = {
				ALWAYS_EMBED_SWIFT_STANDARD_LIBRARIES = YES;
				BUNDLE_LOADER = "$(TEST_HOST)";
				CODE_SIGN_STYLE = Automatic;
				DEVELOPMENT_TEAM = 97JN7SJ3KH;
				INFOPLIST_FILE = AmedasMapTests/Info.plist;
				IPHONEOS_DEPLOYMENT_TARGET = 14.0;
				LD_RUNPATH_SEARCH_PATHS = (
					"$(inherited)",
					"@executable_path/Frameworks",
					"@loader_path/Frameworks",
				);
				PRODUCT_BUNDLE_IDENTIFIER = jp.tasshy.AmedasMapTests;
				PRODUCT_NAME = "$(TARGET_NAME)";
				SWIFT_VERSION = 5.0;
				TARGETED_DEVICE_FAMILY = "1,2";
				TEST_HOST = "$(BUILT_PRODUCTS_DIR)/AmedasMap.app/AmedasMap";
			};
			name = Release;
		};
		1273A51F25EB98AD00872407 /* Debug */ = {
			isa = XCBuildConfiguration;
			buildSettings = {
				ALWAYS_EMBED_SWIFT_STANDARD_LIBRARIES = YES;
				CODE_SIGN_STYLE = Automatic;
				DEVELOPMENT_TEAM = 97JN7SJ3KH;
				INFOPLIST_FILE = AmedasMapUITests/Info.plist;
				LD_RUNPATH_SEARCH_PATHS = (
					"$(inherited)",
					"@executable_path/Frameworks",
					"@loader_path/Frameworks",
				);
				PRODUCT_BUNDLE_IDENTIFIER = jp.tasshy.AmedasMapUITests;
				PRODUCT_NAME = "$(TARGET_NAME)";
				SWIFT_VERSION = 5.0;
				TARGETED_DEVICE_FAMILY = "1,2";
				TEST_TARGET_NAME = AmedasMap;
			};
			name = Debug;
		};
		1273A52025EB98AD00872407 /* Release */ = {
			isa = XCBuildConfiguration;
			buildSettings = {
				ALWAYS_EMBED_SWIFT_STANDARD_LIBRARIES = YES;
				CODE_SIGN_STYLE = Automatic;
				DEVELOPMENT_TEAM = 97JN7SJ3KH;
				INFOPLIST_FILE = AmedasMapUITests/Info.plist;
				LD_RUNPATH_SEARCH_PATHS = (
					"$(inherited)",
					"@executable_path/Frameworks",
					"@loader_path/Frameworks",
				);
				PRODUCT_BUNDLE_IDENTIFIER = jp.tasshy.AmedasMapUITests;
				PRODUCT_NAME = "$(TARGET_NAME)";
				SWIFT_VERSION = 5.0;
				TARGETED_DEVICE_FAMILY = "1,2";
				TEST_TARGET_NAME = AmedasMap;
			};
			name = Release;
		};
/* End XCBuildConfiguration section */

/* Begin XCConfigurationList section */
		1273A4EE25EB98AA00872407 /* Build configuration list for PBXProject "AmedasMap" */ = {
			isa = XCConfigurationList;
			buildConfigurations = (
				1273A51625EB98AD00872407 /* Debug */,
				1273A51725EB98AD00872407 /* Release */,
			);
			defaultConfigurationIsVisible = 0;
			defaultConfigurationName = Release;
		};
		1273A51825EB98AD00872407 /* Build configuration list for PBXNativeTarget "AmedasMap" */ = {
			isa = XCConfigurationList;
			buildConfigurations = (
				1273A51925EB98AD00872407 /* Debug */,
				1273A51A25EB98AD00872407 /* Release */,
			);
			defaultConfigurationIsVisible = 0;
			defaultConfigurationName = Release;
		};
		1273A51B25EB98AD00872407 /* Build configuration list for PBXNativeTarget "AmedasMapTests" */ = {
			isa = XCConfigurationList;
			buildConfigurations = (
				1273A51C25EB98AD00872407 /* Debug */,
				1273A51D25EB98AD00872407 /* Release */,
			);
			defaultConfigurationIsVisible = 0;
			defaultConfigurationName = Release;
		};
		1273A51E25EB98AD00872407 /* Build configuration list for PBXNativeTarget "AmedasMapUITests" */ = {
			isa = XCConfigurationList;
			buildConfigurations = (
				1273A51F25EB98AD00872407 /* Debug */,
				1273A52025EB98AD00872407 /* Release */,
			);
			defaultConfigurationIsVisible = 0;
			defaultConfigurationName = Release;
		};
/* End XCConfigurationList section */
	};
	rootObject = 1273A4EB25EB98AA00872407 /* Project object */;
}
